
Microsoft Visual Studio Solution File, Format Version 12.00
# Visual Studio Version 17
VisualStudioVersion = 17.9.34728.123
MinimumVisualStudioVersion = 10.0.40219.1
Project("{9A19103F-16F7-4668-BE54-9A1E7A4F7556}") = "TPFinal", "TPFinal\TPFinal.csproj", "{27D48391-9B10-45AD-8C84-E80386FE9827}"
EndProject
Project("{9A19103F-16F7-4668-BE54-9A1E7A4F7556}") = "Entity", "Entity\Entity.csproj", "{A0FA02EB-899F-4391-982D-4A51A3577C4C}"
EndProject
Project("{9A19103F-16F7-4668-BE54-9A1E7A4F7556}") = "Business", "Business\Business.csproj", "{954C1B4E-CE80-40C9-ACA9-AF6D7EDC774F}"
EndProject
Project("{9A19103F-16F7-4668-BE54-9A1E7A4F7556}") = "Data", "Data\Data.csproj", "{151594E9-906D-4DB8-8B69-2EF0C01784E0}"
EndProject
Project("{2150E333-8FDC-42A3-9474-1A3956D46DE8}") = "Elementos de la solución", "Elementos de la solución", "{4624FF72-3B30-42A1-8E06-7190D7422BFE}"
	ProjectSection(SolutionItems) = preProject
		.gitignore = .gitignore
	EndProjectSection
EndProject
Global
	GlobalSection(SolutionConfigurationPlatforms) = preSolution
		Debug|Any CPU = Debug|Any CPU
		Release|Any CPU = Release|Any CPU
	EndGlobalSection
	GlobalSection(ProjectConfigurationPlatforms) = postSolution
		{27D48391-9B10-45AD-8C84-E80386FE9827}.Debug|Any CPU.ActiveCfg = Debug|Any CPU
		{27D48391-9B10-45AD-8C84-E80386FE9827}.Debug|Any CPU.Build.0 = Debug|Any CPU
		{27D48391-9B10-45AD-8C84-E80386FE9827}.Release|Any CPU.ActiveCfg = Release|Any CPU
		{27D48391-9B10-45AD-8C84-E80386FE9827}.Release|Any CPU.Build.0 = Release|Any CPU
		{A0FA02EB-899F-4391-982D-4A51A3577C4C}.Debug|Any CPU.ActiveCfg = Debug|Any CPU
		{A0FA02EB-899F-4391-982D-4A51A3577C4C}.Debug|Any CPU.Build.0 = Debug|Any CPU
		{A0FA02EB-899F-4391-982D-4A51A3577C4C}.Release|Any CPU.ActiveCfg = Release|Any CPU
		{A0FA02EB-899F-4391-982D-4A51A3577C4C}.Release|Any CPU.Build.0 = Release|Any CPU
		{954C1B4E-CE80-40C9-ACA9-AF6D7EDC774F}.Debug|Any CPU.ActiveCfg = Debug|Any CPU
		{954C1B4E-CE80-40C9-ACA9-AF6D7EDC774F}.Debug|Any CPU.Build.0 = Debug|Any CPU
		{954C1B4E-CE80-40C9-ACA9-AF6D7EDC774F}.Release|Any CPU.ActiveCfg = Release|Any CPU
		{954C1B4E-CE80-40C9-ACA9-AF6D7EDC774F}.Release|Any CPU.Build.0 = Release|Any CPU
		{151594E9-906D-4DB8-8B69-2EF0C01784E0}.Debug|Any CPU.ActiveCfg = Debug|Any CPU
		{151594E9-906D-4DB8-8B69-2EF0C01784E0}.Debug|Any CPU.Build.0 = Debug|Any CPU
		{151594E9-906D-4DB8-8B69-2EF0C01784E0}.Release|Any CPU.ActiveCfg = Release|Any CPU
		{151594E9-906D-4DB8-8B69-2EF0C01784E0}.Release|Any CPU.Build.0 = Release|Any CPU
	EndGlobalSection
	GlobalSection(SolutionProperties) = preSolution
		HideSolutionNode = FALSE
	EndGlobalSection
	GlobalSection(ExtensibilityGlobals) = postSolution
		SolutionGuid = {6D378994-FB79-430C-AEBC-EA3B5C14F810}
	EndGlobalSection
EndGlobal
